
Microsoft Visual Studio Solution File, Format Version 12.00
# Visual Studio Version 17
VisualStudioVersion = 17.8.34330.188
MinimumVisualStudioVersion = 10.0.40219.1
Project("{FAE04EC0-301F-11D3-BF4B-00C04F79EFBC}") = "Xadrez-Console", "Xadrez-Console\Xadrez-Console.csproj", "{9E66D827-87F9-42D9-9D80-7F741E7AB8B8}"
EndProject
Global
	GlobalSection(SolutionConfigurationPlatforms) = preSolution
		Debug|Any CPU = Debug|Any CPU
		Release|Any CPU = Release|Any CPU
	EndGlobalSection
	GlobalSection(ProjectConfigurationPlatforms) = postSolution
		{9E66D827-87F9-42D9-9D80-7F741E7AB8B8}.Debug|Any CPU.ActiveCfg = Debug|Any CPU
		{9E66D827-87F9-42D9-9D80-7F741E7AB8B8}.Debug|Any CPU.Build.0 = Debug|Any CPU
		{9E66D827-87F9-42D9-9D80-7F741E7AB8B8}.Release|Any CPU.ActiveCfg = Release|Any CPU
		{9E66D827-87F9-42D9-9D80-7F741E7AB8B8}.Release|Any CPU.Build.0 = Release|Any CPU
	EndGlobalSection
	GlobalSection(SolutionProperties) = preSolution
		HideSolutionNode = FALSE
	EndGlobalSection
	GlobalSection(ExtensibilityGlobals) = postSolution
		SolutionGuid = {73892185-6EBC-44E5-8B16-05BB1AD2EFAD}
	EndGlobalSection
EndGlobal
